{
  "version": 4,
  "terraform_version": "1.5.7",
  "serial": 30,
  "lineage": "884ea6dc-92d2-9c04-761a-4ec51fc49911",
  "outputs": {},
  "resources": [
    {
      "module": "module.bigquery",
      "mode": "managed",
      "type": "google_bigquery_table",
      "name": "yt_comments_table",
      "provider": "provider[\"registry.terraform.io/hashicorp/google\"]",
      "instances": []
    },
    {
      "module": "module.bigquery",
      "mode": "managed",
      "type": "google_bigquery_table",
      "name": "yt_sentiment_table",
      "provider": "provider[\"registry.terraform.io/hashicorp/google\"]",
      "instances": []
    },
    {
      "module": "module.composer",
      "mode": "managed",
      "type": "google_composer_environment",
      "name": "yt_pipeline",
      "provider": "provider[\"registry.terraform.io/hashicorp/google\"]",
      "instances": [
        {
          "schema_version": 0,
          "attributes": {
            "config": [
              {
                "airflow_uri": "https://55a61835579b4572a0c1aba33dbd610e-dot-us-central1.composer.googleusercontent.com",
                "dag_gcs_prefix": "gs://us-central1-yt-pipeline-com-b9b387ba-bucket/dags",
                "data_retention_config": [
                  {
                    "airflow_metadata_retention_config": [
                      {
                        "retention_days": 60,
                        "retention_mode": "RETENTION_MODE_ENABLED"
                      }
                    ],
                    "task_logs_retention_config": []
                  }
                ],
                "database_config": [],
                "enable_private_builds_only": false,
                "enable_private_environment": false,
                "encryption_config": [
                  {
                    "kms_key_name": ""
                  }
                ],
                "environment_size": "ENVIRONMENT_SIZE_SMALL",
                "gke_cluster": "",
                "maintenance_window": [],
                "master_authorized_networks_config": [],
                "node_config": [
                  {
                    "composer_internal_ipv4_cidr_block": "100.64.128.0/20",
                    "composer_network_attachment": "",
                    "disk_size_gb": 0,
                    "enable_ip_masq_agent": false,
                    "ip_allocation_policy": [
                      {
                        "cluster_ipv4_cidr_block": "",
                        "cluster_secondary_range_name": "",
                        "services_ipv4_cidr_block": "",
                        "services_secondary_range_name": "",
                        "use_ip_aliases": false
                      }
                    ],
                    "machine_type": "",
                    "network": "",
                    "oauth_scopes": [],
                    "service_account": "cloud-fn-sa@yt-comments-487009.iam.gserviceaccount.com",
                    "subnetwork": "",
                    "tags": [],
                    "zone": ""
                  }
                ],
                "node_count": 0,
                "private_environment_config": [],
                "recovery_config": [],
                "resilience_mode": "STANDARD_RESILIENCE",
                "software_config": [
                  {
                    "airflow_config_overrides": {},
                    "cloud_data_lineage_integration": [
                      {
                        "enabled": false
                      }
                    ],
                    "env_variables": {},
                    "image_version": "composer-3-airflow-2.10.5-build.15",
                    "pypi_packages": {},
                    "python_version": "",
                    "scheduler_count": 0,
                    "web_server_plugins_mode": "ENABLED"
                  }
                ],
                "web_server_config": [],
                "web_server_network_access_control": [
                  {
                    "allowed_ip_range": [
                      {
                        "description": "Allows access from all IPv4 addresses (default value)",
                        "value": "0.0.0.0/0"
                      },
                      {
                        "description": "Allows access from all IPv6 addresses (default value)",
                        "value": "::0/0"
                      }
                    ]
                  }
                ],
                "workloads_config": [
                  {
                    "dag_processor": [
                      {
                        "count": 1,
                        "cpu": 1,
                        "memory_gb": 4,
                        "storage_gb": 1
                      }
                    ],
                    "scheduler": [
                      {
                        "count": 1,
                        "cpu": 0.5,
                        "memory_gb": 2,
                        "storage_gb": 1
                      }
                    ],
                    "triggerer": [
                      {
                        "count": 1,
                        "cpu": 0.5,
                        "memory_gb": 1
                      }
                    ],
                    "web_server": [
                      {
                        "cpu": 1,
                        "memory_gb": 4,
                        "storage_gb": 1
                      }
                    ],
                    "worker": [
                      {
                        "cpu": 0.5,
                        "max_count": 3,
                        "memory_gb": 2,
                        "min_count": 1,
                        "storage_gb": 10
                      }
                    ]
                  }
                ]
              }
            ],
            "effective_labels": {
              "goog-terraform-provisioned": "true"
            },
            "id": "projects/yt-comments-487009/locations/us-central1/environments/yt-pipeline-composer",
            "labels": {},
            "name": "yt-pipeline-composer",
            "project": "yt-comments-487009",
            "region": "us-central1",
            "storage_config": [
              {
                "bucket": "us-central1-yt-pipeline-com-b9b387ba-bucket"
              }
            ],
            "terraform_labels": {
              "goog-terraform-provisioned": "true"
            },
            "timeouts": null
          },
          "sensitive_attributes": [],
          "private": "eyJlMmJmYjczMC1lY2FhLTExZTYtOGY4OC0zNDM2M2JjN2M0YzAiOnsiY3JlYXRlIjo3MjAwMDAwMDAwMDAwLCJkZWxldGUiOjE4MDAwMDAwMDAwMDAsInVwZGF0ZSI6NzIwMDAwMDAwMDAwMH19",
          "dependencies": [
            "module.iam.google_service_account.cf_sa"
          ]
        }
      ]
    },
    {
      "module": "module.iam",
      "mode": "managed",
      "type": "google_project_iam_member",
      "name": "cf_sa_bigquery_admin",
      "provider": "provider[\"registry.terraform.io/hashicorp/google\"]",
      "instances": [
        {
          "schema_version": 0,
          "attributes": {
            "condition": [],
            "etag": "BwZKd16dyqA=",
            "id": "yt-comments-487009/roles/bigquery.admin/serviceAccount:cloud-fn-sa@yt-comments-487009.iam.gserviceaccount.com",
            "member": "serviceAccount:cloud-fn-sa@yt-comments-487009.iam.gserviceaccount.com",
            "project": "yt-comments-487009",
            "role": "roles/bigquery.admin"
          },
          "sensitive_attributes": [],
          "private": "bnVsbA==",
          "dependencies": [
            "module.iam.google_service_account.cf_sa"
          ]
        }
      ]
    },
    {
      "module": "module.iam",
      "mode": "managed",
      "type": "google_project_iam_member",
      "name": "cf_sa_bigquery_data_editor",
      "provider": "provider[\"registry.terraform.io/hashicorp/google\"]",
      "instances": [
        {
          "schema_version": 0,
          "attributes": {
            "condition": [],
            "etag": "BwZKd16dyqA=",
            "id": "yt-comments-487009/roles/bigquery.dataEditor/serviceAccount:cloud-fn-sa@yt-comments-487009.iam.gserviceaccount.com",
            "member": "serviceAccount:cloud-fn-sa@yt-comments-487009.iam.gserviceaccount.com",
            "project": "yt-comments-487009",
            "role": "roles/bigquery.dataEditor"
          },
          "sensitive_attributes": [],
          "private": "bnVsbA==",
          "dependencies": [
            "module.iam.google_service_account.cf_sa"
          ]
        }
      ]
    },
    {
      "module": "module.iam",
      "mode": "managed",
      "type": "google_project_iam_member",
      "name": "cf_sa_bigquery_job_user",
      "provider": "provider[\"registry.terraform.io/hashicorp/google\"]",
      "instances": [
        {
          "schema_version": 0,
          "attributes": {
            "condition": [],
            "etag": "BwZKd16dyqA=",
            "id": "yt-comments-487009/roles/bigquery.jobUser/serviceAccount:cloud-fn-sa@yt-comments-487009.iam.gserviceaccount.com",
            "member": "serviceAccount:cloud-fn-sa@yt-comments-487009.iam.gserviceaccount.com",
            "project": "yt-comments-487009",
            "role": "roles/bigquery.jobUser"
          },
          "sensitive_attributes": [],
          "private": "bnVsbA==",
          "dependencies": [
            "module.iam.google_service_account.cf_sa"
          ]
        }
      ]
    },
    {
      "module": "module.iam",
      "mode": "managed",
      "type": "google_project_iam_member",
      "name": "cf_sa_bigquery_user",
      "provider": "provider[\"registry.terraform.io/hashicorp/google\"]",
      "instances": [
        {
          "schema_version": 0,
          "attributes": {
            "condition": [],
            "etag": "BwZKd16dyqA=",
            "id": "yt-comments-487009/roles/bigquery.user/serviceAccount:cloud-fn-sa@yt-comments-487009.iam.gserviceaccount.com",
            "member": "serviceAccount:cloud-fn-sa@yt-comments-487009.iam.gserviceaccount.com",
            "project": "yt-comments-487009",
            "role": "roles/bigquery.user"
          },
          "sensitive_attributes": [],
          "private": "bnVsbA==",
          "dependencies": [
            "module.iam.google_service_account.cf_sa"
          ]
        }
      ]
    },
    {
      "module": "module.iam",
      "mode": "managed",
      "type": "google_project_iam_member",
      "name": "cf_sa_cloudfunctions_admin",
      "provider": "provider[\"registry.terraform.io/hashicorp/google\"]",
      "instances": [
        {
          "schema_version": 0,
          "attributes": {
            "condition": [],
            "etag": "BwZKd16dyqA=",
            "id": "yt-comments-487009/roles/cloudfunctions.admin/serviceAccount:cloud-fn-sa@yt-comments-487009.iam.gserviceaccount.com",
            "member": "serviceAccount:cloud-fn-sa@yt-comments-487009.iam.gserviceaccount.com",
            "project": "yt-comments-487009",
            "role": "roles/cloudfunctions.admin"
          },
          "sensitive_attributes": [],
          "private": "bnVsbA==",
          "dependencies": [
            "module.iam.google_service_account.cf_sa"
          ]
        }
      ]
    },
    {
      "module": "module.iam",
      "mode": "managed",
      "type": "google_project_iam_member",
      "name": "cf_sa_cloudfunctions_invoker",
      "provider": "provider[\"registry.terraform.io/hashicorp/google\"]",
      "instances": [
        {
          "schema_version": 0,
          "attributes": {
            "condition": [],
            "etag": "BwZKd16dyqA=",
            "id": "yt-comments-487009/roles/cloudfunctions.invoker/serviceAccount:cloud-fn-sa@yt-comments-487009.iam.gserviceaccount.com",
            "member": "serviceAccount:cloud-fn-sa@yt-comments-487009.iam.gserviceaccount.com",
            "project": "yt-comments-487009",
            "role": "roles/cloudfunctions.invoker"
          },
          "sensitive_attributes": [],
          "private": "bnVsbA==",
          "dependencies": [
            "module.iam.google_service_account.cf_sa"
          ]
        }
      ]
    },
    {
      "module": "module.iam",
      "mode": "managed",
      "type": "google_project_iam_member",
      "name": "cf_sa_composer_admin",
      "provider": "provider[\"registry.terraform.io/hashicorp/google\"]",
      "instances": [
        {
          "schema_version": 0,
          "attributes": {
            "condition": [],
            "etag": "BwZKd16dyqA=",
            "id": "yt-comments-487009/roles/composer.admin/serviceAccount:cloud-fn-sa@yt-comments-487009.iam.gserviceaccount.com",
            "member": "serviceAccount:cloud-fn-sa@yt-comments-487009.iam.gserviceaccount.com",
            "project": "yt-comments-487009",
            "role": "roles/composer.admin"
          },
          "sensitive_attributes": [],
          "private": "bnVsbA==",
          "dependencies": [
            "module.iam.google_service_account.cf_sa"
          ]
        }
      ]
    },
    {
      "module": "module.iam",
      "mode": "managed",
      "type": "google_project_iam_member",
      "name": "cf_sa_composer_worker",
      "provider": "provider[\"registry.terraform.io/hashicorp/google\"]",
      "instances": [
        {
          "schema_version": 0,
          "attributes": {
            "condition": [],
            "etag": "BwZKd16dyqA=",
            "id": "yt-comments-487009/roles/composer.worker/serviceAccount:cloud-fn-sa@yt-comments-487009.iam.gserviceaccount.com",
            "member": "serviceAccount:cloud-fn-sa@yt-comments-487009.iam.gserviceaccount.com",
            "project": "yt-comments-487009",
            "role": "roles/composer.worker"
          },
          "sensitive_attributes": [],
          "private": "bnVsbA==",
          "dependencies": [
            "module.iam.google_service_account.cf_sa"
          ]
        }
      ]
    },
    {
      "module": "module.iam",
      "mode": "managed",
      "type": "google_project_iam_member",
      "name": "cf_sa_container_admin",
      "provider": "provider[\"registry.terraform.io/hashicorp/google\"]",
      "instances": [
        {
          "schema_version": 0,
          "attributes": {
            "condition": [],
            "etag": "BwZKd16dyqA=",
            "id": "yt-comments-487009/roles/container.admin/serviceAccount:cloud-fn-sa@yt-comments-487009.iam.gserviceaccount.com",
            "member": "serviceAccount:cloud-fn-sa@yt-comments-487009.iam.gserviceaccount.com",
            "project": "yt-comments-487009",
            "role": "roles/container.admin"
          },
          "sensitive_attributes": [],
          "private": "bnVsbA==",
          "dependencies": [
            "module.iam.google_service_account.cf_sa"
          ]
        }
      ]
    },
    {
      "module": "module.iam",
      "mode": "managed",
      "type": "google_project_iam_member",
      "name": "cf_sa_dataflow_developer",
      "provider": "provider[\"registry.terraform.io/hashicorp/google\"]",
      "instances": [
        {
          "schema_version": 0,
          "attributes": {
            "condition": [],
            "etag": "BwZKd16dyqA=",
            "id": "yt-comments-487009/roles/dataflow.developer/serviceAccount:cloud-fn-sa@yt-comments-487009.iam.gserviceaccount.com",
            "member": "serviceAccount:cloud-fn-sa@yt-comments-487009.iam.gserviceaccount.com",
            "project": "yt-comments-487009",
            "role": "roles/dataflow.developer"
          },
          "sensitive_attributes": [],
          "private": "bnVsbA==",
          "dependencies": [
            "module.iam.google_service_account.cf_sa"
          ]
        }
      ]
    },
    {
      "module": "module.iam",
      "mode": "managed",
      "type": "google_project_iam_member",
      "name": "cf_sa_dataflow_worker",
      "provider": "provider[\"registry.terraform.io/hashicorp/google\"]",
      "instances": [
        {
          "schema_version": 0,
          "attributes": {
            "condition": [],
            "etag": "BwZKd16dyqA=",
            "id": "yt-comments-487009/roles/dataflow.worker/serviceAccount:cloud-fn-sa@yt-comments-487009.iam.gserviceaccount.com",
            "member": "serviceAccount:cloud-fn-sa@yt-comments-487009.iam.gserviceaccount.com",
            "project": "yt-comments-487009",
            "role": "roles/dataflow.worker"
          },
          "sensitive_attributes": [],
          "private": "bnVsbA==",
          "dependencies": [
            "module.iam.google_service_account.cf_sa"
          ]
        }
      ]
    },
    {
      "module": "module.iam",
      "mode": "managed",
      "type": "google_project_iam_member",
      "name": "cf_sa_network_admin",
      "provider": "provider[\"registry.terraform.io/hashicorp/google\"]",
      "instances": [
        {
          "schema_version": 0,
          "attributes": {
            "condition": [],
            "etag": "BwZKd16dyqA=",
            "id": "yt-comments-487009/roles/compute.networkAdmin/serviceAccount:cloud-fn-sa@yt-comments-487009.iam.gserviceaccount.com",
            "member": "serviceAccount:cloud-fn-sa@yt-comments-487009.iam.gserviceaccount.com",
            "project": "yt-comments-487009",
            "role": "roles/compute.networkAdmin"
          },
          "sensitive_attributes": [],
          "private": "bnVsbA==",
          "dependencies": [
            "module.iam.google_service_account.cf_sa"
          ]
        }
      ]
    },
    {
      "module": "module.iam",
      "mode": "managed",
      "type": "google_project_iam_member",
      "name": "cf_sa_pubsub_editor",
      "provider": "provider[\"registry.terraform.io/hashicorp/google\"]",
      "instances": [
        {
          "schema_version": 0,
          "attributes": {
            "condition": [],
            "etag": "BwZKd16dyqA=",
            "id": "yt-comments-487009/roles/pubsub.editor/serviceAccount:cloud-fn-sa@yt-comments-487009.iam.gserviceaccount.com",
            "member": "serviceAccount:cloud-fn-sa@yt-comments-487009.iam.gserviceaccount.com",
            "project": "yt-comments-487009",
            "role": "roles/pubsub.editor"
          },
          "sensitive_attributes": [],
          "private": "bnVsbA==",
          "dependencies": [
            "module.iam.google_service_account.cf_sa"
          ]
        }
      ]
    },
    {
      "module": "module.iam",
      "mode": "managed",
      "type": "google_project_iam_member",
      "name": "cf_sa_pubsub_publisher",
      "provider": "provider[\"registry.terraform.io/hashicorp/google\"]",
      "instances": [
        {
          "schema_version": 0,
          "attributes": {
            "condition": [],
            "etag": "BwZKd16dyqA=",
            "id": "yt-comments-487009/roles/pubsub.publisher/serviceAccount:cloud-fn-sa@yt-comments-487009.iam.gserviceaccount.com",
            "member": "serviceAccount:cloud-fn-sa@yt-comments-487009.iam.gserviceaccount.com",
            "project": "yt-comments-487009",
            "role": "roles/pubsub.publisher"
          },
          "sensitive_attributes": [],
          "private": "bnVsbA==",
          "dependencies": [
            "module.iam.google_service_account.cf_sa"
          ]
        }
      ]
    },
    {
      "module": "module.iam",
      "mode": "managed",
      "type": "google_project_iam_member",
      "name": "cf_sa_pubsub_subscriber",
      "provider": "provider[\"registry.terraform.io/hashicorp/google\"]",
      "instances": [
        {
          "schema_version": 0,
          "attributes": {
            "condition": [],
            "etag": "BwZKd16dyqA=",
            "id": "yt-comments-487009/roles/pubsub.subscriber/serviceAccount:cloud-fn-sa@yt-comments-487009.iam.gserviceaccount.com",
            "member": "serviceAccount:cloud-fn-sa@yt-comments-487009.iam.gserviceaccount.com",
            "project": "yt-comments-487009",
            "role": "roles/pubsub.subscriber"
          },
          "sensitive_attributes": [],
          "private": "bnVsbA==",
          "dependencies": [
            "module.iam.google_service_account.cf_sa"
          ]
        }
      ]
    },
    {
      "module": "module.iam",
      "mode": "managed",
      "type": "google_project_iam_member",
      "name": "cf_sa_service_account_actor",
      "provider": "provider[\"registry.terraform.io/hashicorp/google\"]",
      "instances": [
        {
          "schema_version": 0,
          "attributes": {
            "condition": [],
            "etag": "BwZKd16dyqA=",
            "id": "yt-comments-487009/roles/iam.serviceAccountActor/serviceAccount:cloud-fn-sa@yt-comments-487009.iam.gserviceaccount.com",
            "member": "serviceAccount:cloud-fn-sa@yt-comments-487009.iam.gserviceaccount.com",
            "project": "yt-comments-487009",
            "role": "roles/iam.serviceAccountActor"
          },
          "sensitive_attributes": [],
          "private": "bnVsbA==",
          "dependencies": [
            "module.iam.google_service_account.cf_sa"
          ]
        }
      ]
    },
    {
      "module": "module.iam",
      "mode": "managed",
      "type": "google_project_iam_member",
      "name": "cf_sa_service_account_user",
      "provider": "provider[\"registry.terraform.io/hashicorp/google\"]",
      "instances": [
        {
          "schema_version": 0,
          "attributes": {
            "condition": [],
            "etag": "BwZKd16dyqA=",
            "id": "yt-comments-487009/roles/iam.serviceAccountUser/serviceAccount:cloud-fn-sa@yt-comments-487009.iam.gserviceaccount.com",
            "member": "serviceAccount:cloud-fn-sa@yt-comments-487009.iam.gserviceaccount.com",
            "project": "yt-comments-487009",
            "role": "roles/iam.serviceAccountUser"
          },
          "sensitive_attributes": [],
          "private": "bnVsbA==",
          "dependencies": [
            "module.iam.google_service_account.cf_sa"
          ]
        }
      ]
    },
    {
      "module": "module.iam",
      "mode": "managed",
      "type": "google_project_iam_member",
      "name": "cf_sa_storage_object_admin",
      "provider": "provider[\"registry.terraform.io/hashicorp/google\"]",
      "instances": [
        {
          "schema_version": 0,
          "attributes": {
            "condition": [],
            "etag": "BwZKd16dyqA=",
            "id": "yt-comments-487009/roles/storage.objectAdmin/serviceAccount:cloud-fn-sa@yt-comments-487009.iam.gserviceaccount.com",
            "member": "serviceAccount:cloud-fn-sa@yt-comments-487009.iam.gserviceaccount.com",
            "project": "yt-comments-487009",
            "role": "roles/storage.objectAdmin"
          },
          "sensitive_attributes": [],
          "private": "bnVsbA==",
          "dependencies": [
            "module.iam.google_service_account.cf_sa"
          ]
        }
      ]
    },
    {
      "module": "module.iam",
      "mode": "managed",
      "type": "google_project_iam_member",
      "name": "composer_service_agent_ext",
      "provider": "provider[\"registry.terraform.io/hashicorp/google\"]",
      "instances": [
        {
          "schema_version": 0,
          "attributes": {
            "condition": [],
            "etag": "BwZKd16dyqA=",
            "id": "yt-comments-487009/roles/composer.ServiceAgentV2Ext/serviceAccount:service-925130068287@cloudcomposer-accounts.iam.gserviceaccount.com",
            "member": "serviceAccount:service-925130068287@cloudcomposer-accounts.iam.gserviceaccount.com",
            "project": "yt-comments-487009",
            "role": "roles/composer.ServiceAgentV2Ext"
          },
          "sensitive_attributes": [],
          "private": "bnVsbA=="
        }
      ]
    },
    {
      "module": "module.iam",
      "mode": "managed",
      "type": "google_service_account",
      "name": "cf_sa",
      "provider": "provider[\"registry.terraform.io/hashicorp/google\"]",
      "instances": [
        {
          "schema_version": 0,
          "attributes": {
            "account_id": "cloud-fn-sa",
            "create_ignore_already_exists": null,
            "description": "",
            "disabled": false,
            "display_name": "Cloud Functions Service Account",
            "email": "cloud-fn-sa@yt-comments-487009.iam.gserviceaccount.com",
            "id": "projects/yt-comments-487009/serviceAccounts/cloud-fn-sa@yt-comments-487009.iam.gserviceaccount.com",
            "member": "serviceAccount:cloud-fn-sa@yt-comments-487009.iam.gserviceaccount.com",
            "name": "projects/yt-comments-487009/serviceAccounts/cloud-fn-sa@yt-comments-487009.iam.gserviceaccount.com",
            "project": "yt-comments-487009",
            "timeouts": null,
            "unique_id": "100492135843188492990"
          },
          "sensitive_attributes": [],
          "private": "eyJlMmJmYjczMC1lY2FhLTExZTYtOGY4OC0zNDM2M2JjN2M0YzAiOnsiY3JlYXRlIjozMDAwMDAwMDAwMDB9fQ=="
        }
      ]
    },
    {
      "module": "module.pubsub",
      "mode": "managed",
      "type": "google_pubsub_topic",
      "name": "yt_comments",
      "provider": "provider[\"registry.terraform.io/hashicorp/google\"]",
      "instances": [
        {
          "schema_version": 0,
          "attributes": {
            "effective_labels": {
              "goog-terraform-provisioned": "true"
            },
            "id": "projects/yt-comments-487009/topics/yt-comments-topic",
            "ingestion_data_source_settings": [],
            "kms_key_name": "",
            "labels": {},
            "message_retention_duration": "",
            "message_storage_policy": [],
            "message_transforms": [],
            "name": "yt-comments-topic",
            "project": "yt-comments-487009",
            "schema_settings": [],
            "tags": null,
            "terraform_labels": {
              "goog-terraform-provisioned": "true"
            },
            "timeouts": null
          },
          "sensitive_attributes": [],
          "private": "eyJlMmJmYjczMC1lY2FhLTExZTYtOGY4OC0zNDM2M2JjN2M0YzAiOnsiY3JlYXRlIjoxMjAwMDAwMDAwMDAwLCJkZWxldGUiOjEyMDAwMDAwMDAwMDAsInVwZGF0ZSI6MTIwMDAwMDAwMDAwMH19"
        }
      ]
    },
    {
      "module": "module.storage",
      "mode": "managed",
      "type": "google_storage_bucket",
      "name": "cf_bucket",
      "provider": "provider[\"registry.terraform.io/hashicorp/google\"]",
      "instances": [
        {
          "schema_version": 4,
          "attributes": {
            "autoclass": [],
            "cors": [],
            "custom_placement_config": [],
            "default_event_based_hold": false,
            "effective_labels": {
              "goog-terraform-provisioned": "true"
            },
            "enable_object_retention": false,
            "encryption": [],
            "force_destroy": true,
            "hierarchical_namespace": [
              {
                "enabled": false
              }
            ],
            "id": "yt-cf-source-yt-comments-487009",
            "ip_filter": [],
            "labels": {},
            "lifecycle_rule": [],
            "location": "US-CENTRAL1",
            "logging": [],
            "name": "yt-cf-source-yt-comments-487009",
            "project": "yt-comments-487009",
            "project_number": 925130068287,
            "public_access_prevention": "inherited",
            "requester_pays": false,
            "retention_policy": [],
            "rpo": null,
            "self_link": "https://www.googleapis.com/storage/v1/b/yt-cf-source-yt-comments-487009",
            "soft_delete_policy": [
              {
                "effective_time": "2026-02-10T11:32:34.511Z",
                "retention_duration_seconds": 604800
              }
            ],
            "storage_class": "STANDARD",
            "terraform_labels": {
              "goog-terraform-provisioned": "true"
            },
            "time_created": "2026-02-10T11:32:34.511Z",
            "timeouts": null,
            "uniform_bucket_level_access": true,
            "updated": "2026-02-10T11:32:34.511Z",
            "url": "gs://yt-cf-source-yt-comments-487009",
            "versioning": [],
            "website": []
          },
          "sensitive_attributes": [],
          "private": "eyJlMmJmYjczMC1lY2FhLTExZTYtOGY4OC0zNDM2M2JjN2M0YzAiOnsiY3JlYXRlIjo2MDAwMDAwMDAwMDAsInJlYWQiOjI0MDAwMDAwMDAwMCwidXBkYXRlIjoyNDAwMDAwMDAwMDB9LCJzY2hlbWFfdmVyc2lvbiI6IjQifQ=="
        }
      ]
    },
    {
      "module": "module.storage",
      "mode": "managed",
      "type": "google_storage_bucket",
      "name": "yt_raw_bucket",
      "provider": "provider[\"registry.terraform.io/hashicorp/google\"]",
      "instances": [
        {
          "schema_version": 4,
          "attributes": {
            "autoclass": [],
            "cors": [],
            "custom_placement_config": [],
            "default_event_based_hold": false,
            "effective_labels": {
              "goog-terraform-provisioned": "true"
            },
            "enable_object_retention": false,
            "encryption": [],
            "force_destroy": true,
            "hierarchical_namespace": [
              {
                "enabled": false
              }
            ],
            "id": "yt-raw-comments-yt-comments-487009",
            "ip_filter": [],
            "labels": {},
            "lifecycle_rule": [],
            "location": "US-CENTRAL1",
            "logging": [],
            "name": "yt-raw-comments-yt-comments-487009",
            "project": "yt-comments-487009",
            "project_number": 925130068287,
            "public_access_prevention": "inherited",
            "requester_pays": false,
            "retention_policy": [],
            "rpo": null,
            "self_link": "https://www.googleapis.com/storage/v1/b/yt-raw-comments-yt-comments-487009",
            "soft_delete_policy": [
              {
                "effective_time": "2026-02-10T11:32:34.599Z",
                "retention_duration_seconds": 604800
              }
            ],
            "storage_class": "STANDARD",
            "terraform_labels": {
              "goog-terraform-provisioned": "true"
            },
            "time_created": "2026-02-10T11:32:34.599Z",
            "timeouts": null,
            "uniform_bucket_level_access": true,
            "updated": "2026-02-10T11:32:34.599Z",
            "url": "gs://yt-raw-comments-yt-comments-487009",
            "versioning": [],
            "website": []
          },
          "sensitive_attributes": [],
          "private": "eyJlMmJmYjczMC1lY2FhLTExZTYtOGY4OC0zNDM2M2JjN2M0YzAiOnsiY3JlYXRlIjo2MDAwMDAwMDAwMDAsInJlYWQiOjI0MDAwMDAwMDAwMCwidXBkYXRlIjoyNDAwMDAwMDAwMDB9LCJzY2hlbWFfdmVyc2lvbiI6IjQifQ=="
        }
      ]
    }
  ],
  "check_results": null
}
